
Microsoft Visual Studio Solution File, Format Version 12.00
# Visual Studio Version 17
VisualStudioVersion = 17.1.32407.343
MinimumVisualStudioVersion = 10.0.40219.1
Project("{9A19103F-16F7-4668-BE54-9A1E7A4F7556}") = "LogisticsManagement.Web", "LogisticsTrackingSoftware\LogisticsManagement.Web.csproj", "{948D17D0-6397-4BAD-8E19-D3C6ADF0F34F}"
EndProject
Project("{9A19103F-16F7-4668-BE54-9A1E7A4F7556}") = "LogisticsManagement.Data", "LogisticsManagement.Data\LogisticsManagement.Data.csproj", "{535B13F4-948B-4BA4-864C-271557EBE4A7}"
EndProject
Project("{9A19103F-16F7-4668-BE54-9A1E7A4F7556}") = "LogisticsManagement.Common", "LogisticsManagement.Common\LogisticsManagement.Common.csproj", "{3EE8124C-70C4-43E4-B532-3021455286FA}"
EndProject
Project("{9A19103F-16F7-4668-BE54-9A1E7A4F7556}") = "LogisticsManagement.AppLogic", "LogisticsManagement.AppLogic\LogisticsManagement.AppLogic.csproj", "{022CAE13-93C4-4098-B94A-B7DBE4891034}"
EndProject
Global
	GlobalSection(SolutionConfigurationPlatforms) = preSolution
		Debug|Any CPU = Debug|Any CPU
		Release|Any CPU = Release|Any CPU
	EndGlobalSection
	GlobalSection(ProjectConfigurationPlatforms) = postSolution
		{948D17D0-6397-4BAD-8E19-D3C6ADF0F34F}.Debug|Any CPU.ActiveCfg = Debug|Any CPU
		{948D17D0-6397-4BAD-8E19-D3C6ADF0F34F}.Debug|Any CPU.Build.0 = Debug|Any CPU
		{948D17D0-6397-4BAD-8E19-D3C6ADF0F34F}.Release|Any CPU.ActiveCfg = Release|Any CPU
		{948D17D0-6397-4BAD-8E19-D3C6ADF0F34F}.Release|Any CPU.Build.0 = Release|Any CPU
		{535B13F4-948B-4BA4-864C-271557EBE4A7}.Debug|Any CPU.ActiveCfg = Debug|Any CPU
		{535B13F4-948B-4BA4-864C-271557EBE4A7}.Debug|Any CPU.Build.0 = Debug|Any CPU
		{535B13F4-948B-4BA4-864C-271557EBE4A7}.Release|Any CPU.ActiveCfg = Release|Any CPU
		{535B13F4-948B-4BA4-864C-271557EBE4A7}.Release|Any CPU.Build.0 = Release|Any CPU
		{3EE8124C-70C4-43E4-B532-3021455286FA}.Debug|Any CPU.ActiveCfg = Debug|Any CPU
		{3EE8124C-70C4-43E4-B532-3021455286FA}.Debug|Any CPU.Build.0 = Debug|Any CPU
		{3EE8124C-70C4-43E4-B532-3021455286FA}.Release|Any CPU.ActiveCfg = Release|Any CPU
		{3EE8124C-70C4-43E4-B532-3021455286FA}.Release|Any CPU.Build.0 = Release|Any CPU
		{022CAE13-93C4-4098-B94A-B7DBE4891034}.Debug|Any CPU.ActiveCfg = Debug|Any CPU
		{022CAE13-93C4-4098-B94A-B7DBE4891034}.Debug|Any CPU.Build.0 = Debug|Any CPU
		{022CAE13-93C4-4098-B94A-B7DBE4891034}.Release|Any CPU.ActiveCfg = Release|Any CPU
		{022CAE13-93C4-4098-B94A-B7DBE4891034}.Release|Any CPU.Build.0 = Release|Any CPU
	EndGlobalSection
	GlobalSection(SolutionProperties) = preSolution
		HideSolutionNode = FALSE
	EndGlobalSection
	GlobalSection(ExtensibilityGlobals) = postSolution
		SolutionGuid = {47785CF9-0E71-4455-834D-D37800AAC9F2}
	EndGlobalSection
EndGlobal
